
Microsoft Visual Studio Solution File, Format Version 12.00
# Visual Studio Version 16
VisualStudioVersion = 16.0.30114.105
MinimumVisualStudioVersion = 10.0.40219.1
Project("{FAE04EC0-301F-11D3-BF4B-00C04F79EFBC}") = "API", "API\API.csproj", "{CC5C2D30-297D-45EF-8C9A-195A02E07846}"
EndProject
Project("{FAE04EC0-301F-11D3-BF4B-00C04F79EFBC}") = "Persistence", "Persistence\Persistence.csproj", "{2D4D0266-CD95-4D35-9DDF-F8CF3AA3B585}"
EndProject
Project("{FAE04EC0-301F-11D3-BF4B-00C04F79EFBC}") = "Application", "Application\Application.csproj", "{E4BACD79-09E8-4C1A-829F-FFB42E752AAD}"
EndProject
Project("{FAE04EC0-301F-11D3-BF4B-00C04F79EFBC}") = "Domain", "Domain\Domain.csproj", "{C7B4F64E-FCD2-4519-BA6E-7205C6A24D14}"
EndProject
Global
	GlobalSection(SolutionConfigurationPlatforms) = preSolution
		Debug|Any CPU = Debug|Any CPU
		Debug|x64 = Debug|x64
		Debug|x86 = Debug|x86
		Release|Any CPU = Release|Any CPU
		Release|x64 = Release|x64
		Release|x86 = Release|x86
	EndGlobalSection
	GlobalSection(SolutionProperties) = preSolution
		HideSolutionNode = FALSE
	EndGlobalSection
	GlobalSection(ProjectConfigurationPlatforms) = postSolution
		{CC5C2D30-297D-45EF-8C9A-195A02E07846}.Debug|Any CPU.ActiveCfg = Debug|Any CPU
		{CC5C2D30-297D-45EF-8C9A-195A02E07846}.Debug|Any CPU.Build.0 = Debug|Any CPU
		{CC5C2D30-297D-45EF-8C9A-195A02E07846}.Debug|x64.ActiveCfg = Debug|Any CPU
		{CC5C2D30-297D-45EF-8C9A-195A02E07846}.Debug|x64.Build.0 = Debug|Any CPU
		{CC5C2D30-297D-45EF-8C9A-195A02E07846}.Debug|x86.ActiveCfg = Debug|Any CPU
		{CC5C2D30-297D-45EF-8C9A-195A02E07846}.Debug|x86.Build.0 = Debug|Any CPU
		{CC5C2D30-297D-45EF-8C9A-195A02E07846}.Release|Any CPU.ActiveCfg = Release|Any CPU
		{CC5C2D30-297D-45EF-8C9A-195A02E07846}.Release|Any CPU.Build.0 = Release|Any CPU
		{CC5C2D30-297D-45EF-8C9A-195A02E07846}.Release|x64.ActiveCfg = Release|Any CPU
		{CC5C2D30-297D-45EF-8C9A-195A02E07846}.Release|x64.Build.0 = Release|Any CPU
		{CC5C2D30-297D-45EF-8C9A-195A02E07846}.Release|x86.ActiveCfg = Release|Any CPU
		{CC5C2D30-297D-45EF-8C9A-195A02E07846}.Release|x86.Build.0 = Release|Any CPU
		{2D4D0266-CD95-4D35-9DDF-F8CF3AA3B585}.Debug|Any CPU.ActiveCfg = Debug|Any CPU
		{2D4D0266-CD95-4D35-9DDF-F8CF3AA3B585}.Debug|Any CPU.Build.0 = Debug|Any CPU
		{2D4D0266-CD95-4D35-9DDF-F8CF3AA3B585}.Debug|x64.ActiveCfg = Debug|Any CPU
		{2D4D0266-CD95-4D35-9DDF-F8CF3AA3B585}.Debug|x64.Build.0 = Debug|Any CPU
		{2D4D0266-CD95-4D35-9DDF-F8CF3AA3B585}.Debug|x86.ActiveCfg = Debug|Any CPU
		{2D4D0266-CD95-4D35-9DDF-F8CF3AA3B585}.Debug|x86.Build.0 = Debug|Any CPU
		{2D4D0266-CD95-4D35-9DDF-F8CF3AA3B585}.Release|Any CPU.ActiveCfg = Release|Any CPU
		{2D4D0266-CD95-4D35-9DDF-F8CF3AA3B585}.Release|Any CPU.Build.0 = Release|Any CPU
		{2D4D0266-CD95-4D35-9DDF-F8CF3AA3B585}.Release|x64.ActiveCfg = Release|Any CPU
		{2D4D0266-CD95-4D35-9DDF-F8CF3AA3B585}.Release|x64.Build.0 = Release|Any CPU
		{2D4D0266-CD95-4D35-9DDF-F8CF3AA3B585}.Release|x86.ActiveCfg = Release|Any CPU
		{2D4D0266-CD95-4D35-9DDF-F8CF3AA3B585}.Release|x86.Build.0 = Release|Any CPU
		{E4BACD79-09E8-4C1A-829F-FFB42E752AAD}.Debug|Any CPU.ActiveCfg = Debug|Any CPU
		{E4BACD79-09E8-4C1A-829F-FFB42E752AAD}.Debug|Any CPU.Build.0 = Debug|Any CPU
		{E4BACD79-09E8-4C1A-829F-FFB42E752AAD}.Debug|x64.ActiveCfg = Debug|Any CPU
		{E4BACD79-09E8-4C1A-829F-FFB42E752AAD}.Debug|x64.Build.0 = Debug|Any CPU
		{E4BACD79-09E8-4C1A-829F-FFB42E752AAD}.Debug|x86.ActiveCfg = Debug|Any CPU
		{E4BACD79-09E8-4C1A-829F-FFB42E752AAD}.Debug|x86.Build.0 = Debug|Any CPU
		{E4BACD79-09E8-4C1A-829F-FFB42E752AAD}.Release|Any CPU.ActiveCfg = Release|Any CPU
		{E4BACD79-09E8-4C1A-829F-FFB42E752AAD}.Release|Any CPU.Build.0 = Release|Any CPU
		{E4BACD79-09E8-4C1A-829F-FFB42E752AAD}.Release|x64.ActiveCfg = Release|Any CPU
		{E4BACD79-09E8-4C1A-829F-FFB42E752AAD}.Release|x64.Build.0 = Release|Any CPU
		{E4BACD79-09E8-4C1A-829F-FFB42E752AAD}.Release|x86.ActiveCfg = Release|Any CPU
		{E4BACD79-09E8-4C1A-829F-FFB42E752AAD}.Release|x86.Build.0 = Release|Any CPU
		{C7B4F64E-FCD2-4519-BA6E-7205C6A24D14}.Debug|Any CPU.ActiveCfg = Debug|Any CPU
		{C7B4F64E-FCD2-4519-BA6E-7205C6A24D14}.Debug|Any CPU.Build.0 = Debug|Any CPU
		{C7B4F64E-FCD2-4519-BA6E-7205C6A24D14}.Debug|x64.ActiveCfg = Debug|Any CPU
		{C7B4F64E-FCD2-4519-BA6E-7205C6A24D14}.Debug|x64.Build.0 = Debug|Any CPU
		{C7B4F64E-FCD2-4519-BA6E-7205C6A24D14}.Debug|x86.ActiveCfg = Debug|Any CPU
		{C7B4F64E-FCD2-4519-BA6E-7205C6A24D14}.Debug|x86.Build.0 = Debug|Any CPU
		{C7B4F64E-FCD2-4519-BA6E-7205C6A24D14}.Release|Any CPU.ActiveCfg = Release|Any CPU
		{C7B4F64E-FCD2-4519-BA6E-7205C6A24D14}.Release|Any CPU.Build.0 = Release|Any CPU
		{C7B4F64E-FCD2-4519-BA6E-7205C6A24D14}.Release|x64.ActiveCfg = Release|Any CPU
		{C7B4F64E-FCD2-4519-BA6E-7205C6A24D14}.Release|x64.Build.0 = Release|Any CPU
		{C7B4F64E-FCD2-4519-BA6E-7205C6A24D14}.Release|x86.ActiveCfg = Release|Any CPU
		{C7B4F64E-FCD2-4519-BA6E-7205C6A24D14}.Release|x86.Build.0 = Release|Any CPU
	EndGlobalSection
EndGlobal
